
Microsoft Visual Studio Solution File, Format Version 12.00
# Visual Studio 15
VisualStudioVersion = 15.0.28307.1169
MinimumVisualStudioVersion = 10.0.40219.1
Project("{9A19103F-16F7-4668-BE54-9A1E7A4F7556}") = "RemindersAPI", "RemindersAPI\RemindersAPI.csproj", "{A1F5E121-E951-4E40-8037-F1D9FD565BF7}"
EndProject
Project("{FAE04EC0-301F-11D3-BF4B-00C04F79EFBC}") = "RemindersDomain", "RemindersDomain\RemindersDomain.csproj", "{7D1F2717-E811-4E8A-895C-5025FDC112FC}"
EndProject
Global
	GlobalSection(SolutionConfigurationPlatforms) = preSolution
		Debug|Any CPU = Debug|Any CPU
		Release|Any CPU = Release|Any CPU
	EndGlobalSection
	GlobalSection(ProjectConfigurationPlatforms) = postSolution
		{A1F5E121-E951-4E40-8037-F1D9FD565BF7}.Debug|Any CPU.ActiveCfg = Debug|Any CPU
		{A1F5E121-E951-4E40-8037-F1D9FD565BF7}.Debug|Any CPU.Build.0 = Debug|Any CPU
		{A1F5E121-E951-4E40-8037-F1D9FD565BF7}.Release|Any CPU.ActiveCfg = Release|Any CPU
		{A1F5E121-E951-4E40-8037-F1D9FD565BF7}.Release|Any CPU.Build.0 = Release|Any CPU
		{7D1F2717-E811-4E8A-895C-5025FDC112FC}.Debug|Any CPU.ActiveCfg = Debug|Any CPU
		{7D1F2717-E811-4E8A-895C-5025FDC112FC}.Debug|Any CPU.Build.0 = Debug|Any CPU
		{7D1F2717-E811-4E8A-895C-5025FDC112FC}.Release|Any CPU.ActiveCfg = Release|Any CPU
		{7D1F2717-E811-4E8A-895C-5025FDC112FC}.Release|Any CPU.Build.0 = Release|Any CPU
	EndGlobalSection
	GlobalSection(SolutionProperties) = preSolution
		HideSolutionNode = FALSE
	EndGlobalSection
	GlobalSection(ExtensibilityGlobals) = postSolution
		SolutionGuid = {648DB42C-DC4D-443A-9980-6B8EAA98699C}
	EndGlobalSection
EndGlobal
